# Code generated by scarb DO NOT EDIT.
version = 1

[[package]]
name = "market_zap"
version = "0.1.0"
dependencies = [
 "openzeppelin_access",
 "openzeppelin_interfaces",
 "openzeppelin_introspection",
 "openzeppelin_security",
 "openzeppelin_token",
 "openzeppelin_upgrades",
 "snforge_std",
]

[[package]]
name = "openzeppelin_access"
version = "4.0.0-alpha.0"
source = "git+https://github.com/OpenZeppelin/cairo-contracts.git?branch=main#802735d432499124c684d28a5a0465ebf6c9cbdb"
dependencies = [
 "openzeppelin_interfaces",
 "openzeppelin_introspection",
]

[[package]]
name = "openzeppelin_interfaces"
version = "2.1.0"
source = "git+https://github.com/OpenZeppelin/cairo-contracts.git?branch=main#802735d432499124c684d28a5a0465ebf6c9cbdb"

[[package]]
name = "openzeppelin_introspection"
version = "4.0.0-alpha.0"
source = "git+https://github.com/OpenZeppelin/cairo-contracts.git?branch=main#802735d432499124c684d28a5a0465ebf6c9cbdb"
dependencies = [
 "openzeppelin_interfaces",
]

[[package]]
name = "openzeppelin_security"
version = "4.0.0-alpha.0"
source = "git+https://github.com/OpenZeppelin/cairo-contracts.git?branch=main#802735d432499124c684d28a5a0465ebf6c9cbdb"
dependencies = [
 "openzeppelin_interfaces",
]

[[package]]
name = "openzeppelin_token"
version = "4.0.0-alpha.0"
source = "git+https://github.com/OpenZeppelin/cairo-contracts.git?branch=main#802735d432499124c684d28a5a0465ebf6c9cbdb"
dependencies = [
 "openzeppelin_access",
 "openzeppelin_interfaces",
 "openzeppelin_introspection",
 "openzeppelin_utils",
]

[[package]]
name = "openzeppelin_upgrades"
version = "4.0.0-alpha.0"
source = "git+https://github.com/OpenZeppelin/cairo-contracts.git?branch=main#802735d432499124c684d28a5a0465ebf6c9cbdb"

[[package]]
name = "openzeppelin_utils"
version = "2.1.0"
source = "git+https://github.com/OpenZeppelin/cairo-contracts.git?branch=main#802735d432499124c684d28a5a0465ebf6c9cbdb"
dependencies = [
 "openzeppelin_interfaces",
]

[[package]]
name = "snforge_scarb_plugin"
version = "0.56.0"
source = "registry+https://scarbs.xyz/"
checksum = "sha256:d5f2d878f7ae36c8149c517e2d618a95d7833598a76083cb12ea3f00da06a618"

[[package]]
name = "snforge_std"
version = "0.56.0"
source = "registry+https://scarbs.xyz/"
checksum = "sha256:87dfe06ffd5cf1d5a075b7a5c8dff442b66d0eeaf27921140cf446213eb29a68"
dependencies = [
 "snforge_scarb_plugin",
]
